
Microsoft Visual Studio Solution File, Format Version 12.00
# Visual Studio Version 17
VisualStudioVersion = 17.4.33205.214
MinimumVisualStudioVersion = 10.0.40219.1
Project("{9A19103F-16F7-4668-BE54-9A1E7A4F7556}") = "labo", "src\labo\labo.csproj", "{70A5F882-45BF-453A-9A53-9653F3358F74}"
EndProject
Project("{2150E333-8FDC-42A3-9474-1A3956D46DE8}") = "ソリューション項目", "ソリューション項目", "{7213CEDC-6A81-4E77-873C-7187556DE90D}"
	ProjectSection(SolutionItems) = preProject
		.editorconfig = .editorconfig
	EndProjectSection
EndProject
Project("{9A19103F-16F7-4668-BE54-9A1E7A4F7556}") = "sapi-voicepeak-connect", "src\sapi-voicepeak-connect\sapi-voicepeak-connect.csproj", "{BCA9519D-81BD-4A58-BA7F-34872EB2509B}"
EndProject
Global
	GlobalSection(SolutionConfigurationPlatforms) = preSolution
		Debug|Any CPU = Debug|Any CPU
		Debug|x64 = Debug|x64
		Debug|x86 = Debug|x86
		Release|Any CPU = Release|Any CPU
		Release|x64 = Release|x64
		Release|x86 = Release|x86
	EndGlobalSection
	GlobalSection(ProjectConfigurationPlatforms) = postSolution
		{70A5F882-45BF-453A-9A53-9653F3358F74}.Debug|Any CPU.ActiveCfg = Debug|Any CPU
		{70A5F882-45BF-453A-9A53-9653F3358F74}.Debug|Any CPU.Build.0 = Debug|Any CPU
		{70A5F882-45BF-453A-9A53-9653F3358F74}.Debug|x64.ActiveCfg = Debug|Any CPU
		{70A5F882-45BF-453A-9A53-9653F3358F74}.Debug|x64.Build.0 = Debug|Any CPU
		{70A5F882-45BF-453A-9A53-9653F3358F74}.Debug|x86.ActiveCfg = Debug|Any CPU
		{70A5F882-45BF-453A-9A53-9653F3358F74}.Debug|x86.Build.0 = Debug|Any CPU
		{70A5F882-45BF-453A-9A53-9653F3358F74}.Release|Any CPU.ActiveCfg = Release|Any CPU
		{70A5F882-45BF-453A-9A53-9653F3358F74}.Release|Any CPU.Build.0 = Release|Any CPU
		{70A5F882-45BF-453A-9A53-9653F3358F74}.Release|x64.ActiveCfg = Release|Any CPU
		{70A5F882-45BF-453A-9A53-9653F3358F74}.Release|x64.Build.0 = Release|Any CPU
		{70A5F882-45BF-453A-9A53-9653F3358F74}.Release|x86.ActiveCfg = Release|Any CPU
		{70A5F882-45BF-453A-9A53-9653F3358F74}.Release|x86.Build.0 = Release|Any CPU
		{BCA9519D-81BD-4A58-BA7F-34872EB2509B}.Debug|Any CPU.ActiveCfg = Debug|x64
		{BCA9519D-81BD-4A58-BA7F-34872EB2509B}.Debug|x64.ActiveCfg = Debug|x64
		{BCA9519D-81BD-4A58-BA7F-34872EB2509B}.Debug|x64.Build.0 = Debug|x64
		{BCA9519D-81BD-4A58-BA7F-34872EB2509B}.Debug|x86.ActiveCfg = Debug|x86
		{BCA9519D-81BD-4A58-BA7F-34872EB2509B}.Debug|x86.Build.0 = Debug|x86
		{BCA9519D-81BD-4A58-BA7F-34872EB2509B}.Release|Any CPU.ActiveCfg = Release|x64
		{BCA9519D-81BD-4A58-BA7F-34872EB2509B}.Release|x64.ActiveCfg = Release|x64
		{BCA9519D-81BD-4A58-BA7F-34872EB2509B}.Release|x64.Build.0 = Release|x64
		{BCA9519D-81BD-4A58-BA7F-34872EB2509B}.Release|x86.ActiveCfg = Release|x86
		{BCA9519D-81BD-4A58-BA7F-34872EB2509B}.Release|x86.Build.0 = Release|x86
	EndGlobalSection
	GlobalSection(SolutionProperties) = preSolution
		HideSolutionNode = FALSE
	EndGlobalSection
	GlobalSection(ExtensibilityGlobals) = postSolution
		SolutionGuid = {A3E5A617-372F-41F6-8FF3-D4AEDFDBE36B}
	EndGlobalSection
EndGlobal
